// !$*UTF8*$!
{
	archiveVersion = 1;
	classes = {
	};
	objectVersion = 46;
	objects = {

/* Begin PBXBuildFile section */
		1FBCE0EC192106820065E3BB /* Foundation.framework in Frameworks */ = {isa = PBXBuildFile; fileRef = 1FBCE0EB192106820065E3BB /* Foundation.framework */; };
		1FBCE0EE192106820065E3BB /* CoreGraphics.framework in Frameworks */ = {isa = PBXBuildFile; fileRef = 1FBCE0ED192106820065E3BB /* CoreGraphics.framework */; };
		1FBCE0F0192106820065E3BB /* UIKit.framework in Frameworks */ = {isa = PBXBuildFile; fileRef = 1FBCE0EF192106820065E3BB /* UIKit.framework */; };
		1FBCE0F6192106820065E3BB /* InfoPlist.strings in Resources */ = {isa = PBXBuildFile; fileRef = 1FBCE0F4192106820065E3BB /* InfoPlist.strings */; };
		1FBCE0F8192106820065E3BB /* main.m in Sources */ = {isa = PBXBuildFile; fileRef = 1FBCE0F7192106820065E3BB /* main.m */; };
		1FBCE0FC192106820065E3BB /* AppDelegate.m in Sources */ = {isa = PBXBuildFile; fileRef = 1FBCE0FB192106820065E3BB /* AppDelegate.m */; };
		1FBCE0FE192106820065E3BB /* Images.xcassets in Resources */ = {isa = PBXBuildFile; fileRef = 1FBCE0FD192106820065E3BB /* Images.xcassets */; };
		1FBCE105192106820065E3BB /* XCTest.framework in Frameworks */ = {isa = PBXBuildFile; fileRef = 1FBCE104192106820065E3BB /* XCTest.framework */; };
		1FBCE106192106820065E3BB /* Foundation.framework in Frameworks */ = {isa = PBXBuildFile; fileRef = 1FBCE0EB192106820065E3BB /* Foundation.framework */; };
		1FBCE107192106820065E3BB /* UIKit.framework in Frameworks */ = {isa = PBXBuildFile; fileRef = 1FBCE0EF192106820065E3BB /* UIKit.framework */; };
		1FBCE10F192106820065E3BB /* InfoPlist.strings in Resources */ = {isa = PBXBuildFile; fileRef = 1FBCE10D192106820065E3BB /* InfoPlist.strings */; };
		1FBCE111192106820065E3BB /* BeginningAgainTests.m in Sources */ = {isa = PBXBuildFile; fileRef = 1FBCE110192106820065E3BB /* BeginningAgainTests.m */; };
/* End PBXBuildFile section */

/* Begin PBXContainerItemProxy section */
		1FBCE108192106820065E3BB /* PBXContainerItemProxy */ = {
			isa = PBXContainerItemProxy;
			containerPortal = 1FBCE0E0192106820065E3BB /* Project object */;
			proxyType = 1;
			remoteGlobalIDString = 1FBCE0E7192106820065E3BB;
			remoteInfo = BeginningAgain;
		};
/* End PBXContainerItemProxy section */

/* Begin PBXFileReference section */
		1FBCE0E8192106820065E3BB /* BeginningAgain.app */ = {isa = PBXFileReference; explicitFileType = wrapper.application; includeInIndex = 0; path = BeginningAgain.app; sourceTree = BUILT_PRODUCTS_DIR; };
		1FBCE0EB192106820065E3BB /* Foundation.framework */ = {isa = PBXFileReference; lastKnownFileType = wrapper.framework; name = Foundation.framework; path = System/Library/Frameworks/Foundation.framework; sourceTree = SDKROOT; };
		1FBCE0ED192106820065E3BB /* CoreGraphics.framework */ = {isa = PBXFileReference; lastKnownFileType = wrapper.framework; name = CoreGraphics.framework; path = System/Library/Frameworks/CoreGraphics.framework; sourceTree = SDKROOT; };
		1FBCE0EF192106820065E3BB /* UIKit.framework */ = {isa = PBXFileReference; lastKnownFileType = wrapper.framework; name = UIKit.framework; path = System/Library/Frameworks/UIKit.framework; sourceTree = SDKROOT; };
		1FBCE0F3192106820065E3BB /* BeginningAgain-Info.plist */ = {isa = PBXFileReference; lastKnownFileType = text.plist.xml; path = "BeginningAgain-Info.plist"; sourceTree = "<group>"; };
		1FBCE0F5192106820065E3BB /* en */ = {isa = PBXFileReference; lastKnownFileType = text.plist.strings; name = en; path = en.lproj/InfoPlist.strings; sourceTree = "<group>"; };
		1FBCE0F7192106820065E3BB /* main.m */ = {isa = PBXFileReference; lastKnownFileType = sourcecode.c.objc; path = main.m; sourceTree = "<group>"; };
		1FBCE0F9192106820065E3BB /* BeginningAgain-Prefix.pch */ = {isa = PBXFileReference; lastKnownFileType = sourcecode.c.h; path = "BeginningAgain-Prefix.pch"; sourceTree = "<group>"; };
		1FBCE0FA192106820065E3BB /* AppDelegate.h */ = {isa = PBXFileReference; lastKnownFileType = sourcecode.c.h; path = AppDelegate.h; sourceTree = "<group>"; };
		1FBCE0FB192106820065E3BB /* AppDelegate.m */ = {isa = PBXFileReference; lastKnownFileType = sourcecode.c.objc; path = AppDelegate.m; sourceTree = "<group>"; };
		1FBCE0FD192106820065E3BB /* Images.xcassets */ = {isa = PBXFileReference; lastKnownFileType = folder.assetcatalog; path = Images.xcassets; sourceTree = "<group>"; };
		1FBCE103192106820065E3BB /* BeginningAgainTests.xctest */ = {isa = PBXFileReference; explicitFileType = wrapper.cfbundle; includeInIndex = 0; path = BeginningAgainTests.xctest; sourceTree = BUILT_PRODUCTS_DIR; };
		1FBCE104192106820065E3BB /* XCTest.framework */ = {isa = PBXFileReference; lastKnownFileType = wrapper.framework; name = XCTest.framework; path = Library/Frameworks/XCTest.framework; sourceTree = DEVELOPER_DIR; };
		1FBCE10C192106820065E3BB /* BeginningAgainTests-Info.plist */ = {isa = PBXFileReference; lastKnownFileType = text.plist.xml; path = "BeginningAgainTests-Info.plist"; sourceTree = "<group>"; };
		1FBCE10E192106820065E3BB /* en */ = {isa = PBXFileReference; lastKnownFileType = text.plist.strings; name = en; path = en.lproj/InfoPlist.strings; sourceTree = "<group>"; };
		1FBCE110192106820065E3BB /* BeginningAgainTests.m */ = {isa = PBXFileReference; lastKnownFileType = sourcecode.c.objc; path = BeginningAgainTests.m; sourceTree = "<group>"; };
/* End PBXFileReference section */

/* Begin PBXFrameworksBuildPhase section */
		1FBCE0E5192106820065E3BB /* Frameworks */ = {
			isa = PBXFrameworksBuildPhase;
			buildActionMask = 2147483647;
			files = (
				1FBCE0EE192106820065E3BB /* CoreGraphics.framework in Frameworks */,
				1FBCE0F0192106820065E3BB /* UIKit.framework in Frameworks */,
				1FBCE0EC192106820065E3BB /* Foundation.framework in Frameworks */,
			);
			runOnlyForDeploymentPostprocessing = 0;
		};
		1FBCE100192106820065E3BB /* Frameworks */ = {
			isa = PBXFrameworksBuildPhase;
			buildActionMask = 2147483647;
			files = (
				1FBCE105192106820065E3BB /* XCTest.framework in Frameworks */,
				1FBCE107192106820065E3BB /* UIKit.framework in Frameworks */,
				1FBCE106192106820065E3BB /* Foundation.framework in Frameworks */,
			);
			runOnlyForDeploymentPostprocessing = 0;
		};
/* End PBXFrameworksBuildPhase section */

/* Begin PBXGroup section */
		1FBCE0DF192106820065E3BB = {
			isa = PBXGroup;
			children = (
				1FBCE0F1192106820065E3BB /* BeginningAgain */,
				1FBCE10A192106820065E3BB /* BeginningAgainTests */,
				1FBCE0EA192106820065E3BB /* Frameworks */,
				1FBCE0E9192106820065E3BB /* Products */,
			);
			sourceTree = "<group>";
		};
		1FBCE0E9192106820065E3BB /* Products */ = {
			isa = PBXGroup;
			children = (
				1FBCE0E8192106820065E3BB /* BeginningAgain.app */,
				1FBCE103192106820065E3BB /* BeginningAgainTests.xctest */,
			);
			name = Products;
			sourceTree = "<group>";
		};
		1FBCE0EA192106820065E3BB /* Frameworks */ = {
			isa = PBXGroup;
			children = (
				1FBCE0EB192106820065E3BB /* Foundation.framework */,
				1FBCE0ED192106820065E3BB /* CoreGraphics.framework */,
				1FBCE0EF192106820065E3BB /* UIKit.framework */,
				1FBCE104192106820065E3BB /* XCTest.framework */,
			);
			name = Frameworks;
			sourceTree = "<group>";
		};
		1FBCE0F1192106820065E3BB /* BeginningAgain */ = {
			isa = PBXGroup;
			children = (
				1FBCE0FA192106820065E3BB /* AppDelegate.h */,
				1FBCE0FB192106820065E3BB /* AppDelegate.m */,
				1FBCE0FD192106820065E3BB /* Images.xcassets */,
				1FBCE0F2192106820065E3BB /* Supporting Files */,
			);
			path = BeginningAgain;
			sourceTree = "<group>";
		};
		1FBCE0F2192106820065E3BB /* Supporting Files */ = {
			isa = PBXGroup;
			children = (
				1FBCE0F3192106820065E3BB /* BeginningAgain-Info.plist */,
				1FBCE0F4192106820065E3BB /* InfoPlist.strings */,
				1FBCE0F7192106820065E3BB /* main.m */,
				1FBCE0F9192106820065E3BB /* BeginningAgain-Prefix.pch */,
			);
			name = "Supporting Files";
			sourceTree = "<group>";
		};
		1FBCE10A192106820065E3BB /* BeginningAgainTests */ = {
			isa = PBXGroup;
			children = (
				1FBCE110192106820065E3BB /* BeginningAgainTests.m */,
				1FBCE10B192106820065E3BB /* Supporting Files */,
			);
			path = BeginningAgainTests;
			sourceTree = "<group>";
		};
		1FBCE10B192106820065E3BB /* Supporting Files */ = {
			isa = PBXGroup;
			children = (
				1FBCE10C192106820065E3BB /* BeginningAgainTests-Info.plist */,
				1FBCE10D192106820065E3BB /* InfoPlist.strings */,
			);
			name = "Supporting Files";
			sourceTree = "<group>";
		};
/* End PBXGroup section */

/* Begin PBXNativeTarget section */
		1FBCE0E7192106820065E3BB /* BeginningAgain */ = {
			isa = PBXNativeTarget;
			buildConfigurationList = 1FBCE114192106820065E3BB /* Build configuration list for PBXNativeTarget "BeginningAgain" */;
			buildPhases = (
				1FBCE0E4192106820065E3BB /* Sources */,
				1FBCE0E5192106820065E3BB /* Frameworks */,
				1FBCE0E6192106820065E3BB /* Resources */,
			);
			buildRules = (
			);
			dependencies = (
			);
			name = BeginningAgain;
			productName = BeginningAgain;
			productReference = 1FBCE0E8192106820065E3BB /* BeginningAgain.app */;
			productType = "com.apple.product-type.application";
		};
		1FBCE102192106820065E3BB /* BeginningAgainTests */ = {
			isa = PBXNativeTarget;
			buildConfigurationList = 1FBCE117192106820065E3BB /* Build configuration list for PBXNativeTarget "BeginningAgainTests" */;
			buildPhases = (
				1FBCE0FF192106820065E3BB /* Sources */,
				1FBCE100192106820065E3BB /* Frameworks */,
				1FBCE101192106820065E3BB /* Resources */,
			);
			buildRules = (
			);
			dependencies = (
				1FBCE109192106820065E3BB /* PBXTargetDependency */,
			);
			name = BeginningAgainTests;
			productName = BeginningAgainTests;
			productReference = 1FBCE103192106820065E3BB /* BeginningAgainTests.xctest */;
			productType = "com.apple.product-type.bundle.unit-test";
		};
/* End PBXNativeTarget section */

/* Begin PBXProject section */
		1FBCE0E0192106820065E3BB /* Project object */ = {
			isa = PBXProject;
			attributes = {
				LastUpgradeCheck = 0510;
				ORGANIZATIONNAME = "Center for Advanced Public Safety";
				TargetAttributes = {
					1FBCE102192106820065E3BB = {
						TestTargetID = 1FBCE0E7192106820065E3BB;
					};
				};
			};
			buildConfigurationList = 1FBCE0E3192106820065E3BB /* Build configuration list for PBXProject "BeginningAgain" */;
			compatibilityVersion = "Xcode 3.2";
			developmentRegion = English;
			hasScannedForEncodings = 0;
			knownRegions = (
				en,
			);
			mainGroup = 1FBCE0DF192106820065E3BB;
			productRefGroup = 1FBCE0E9192106820065E3BB /* Products */;
			projectDirPath = "";
			projectRoot = "";
			targets = (
				1FBCE0E7192106820065E3BB /* BeginningAgain */,
				1FBCE102192106820065E3BB /* BeginningAgainTests */,
			);
		};
/* End PBXProject section */

/* Begin PBXResourcesBuildPhase section */
		1FBCE0E6192106820065E3BB /* Resources */ = {
			isa = PBXResourcesBuildPhase;
			buildActionMask = 2147483647;
			files = (
				1FBCE0F6192106820065E3BB /* InfoPlist.strings in Resources */,
				1FBCE0FE192106820065E3BB /* Images.xcassets in Resources */,
			);
			runOnlyForDeploymentPostprocessing = 0;
		};
		1FBCE101192106820065E3BB /* Resources */ = {
			isa = PBXResourcesBuildPhase;
			buildActionMask = 2147483647;
			files = (
				1FBCE10F192106820065E3BB /* InfoPlist.strings in Resources */,
			);
			runOnlyForDeploymentPostprocessing = 0;
		};
/* End PBXResourcesBuildPhase section */

/* Begin PBXSourcesBuildPhase section */
		1FBCE0E4192106820065E3BB /* Sources */ = {
			isa = PBXSourcesBuildPhase;
			buildActionMask = 2147483647;
			files = (
				1FBCE0FC192106820065E3BB /* AppDelegate.m in Sources */,
				1FBCE0F8192106820065E3BB /* main.m in Sources */,
			);
			runOnlyForDeploymentPostprocessing = 0;
		};
		1FBCE0FF192106820065E3BB /* Sources */ = {
			isa = PBXSourcesBuildPhase;
			buildActionMask = 2147483647;
			files = (
				1FBCE111192106820065E3BB /* BeginningAgainTests.m in Sources */,
			);
			runOnlyForDeploymentPostprocessing = 0;
		};
/* End PBXSourcesBuildPhase section */

/* Begin PBXTargetDependency section */
		1FBCE109192106820065E3BB /* PBXTargetDependency */ = {
			isa = PBXTargetDependency;
			target = 1FBCE0E7192106820065E3BB /* BeginningAgain */;
			targetProxy = 1FBCE108192106820065E3BB /* PBXContainerItemProxy */;
		};
/* End PBXTargetDependency section */

/* Begin PBXVariantGroup section */
		1FBCE0F4192106820065E3BB /* InfoPlist.strings */ = {
			isa = PBXVariantGroup;
			children = (
				1FBCE0F5192106820065E3BB /* en */,
			);
			name = InfoPlist.strings;
			sourceTree = "<group>";
		};
		1FBCE10D192106820065E3BB /* InfoPlist.strings */ = {
			isa = PBXVariantGroup;
			children = (
				1FBCE10E192106820065E3BB /* en */,
			);
			name = InfoPlist.strings;
			sourceTree = "<group>";
		};
/* End PBXVariantGroup section */

/* Begin XCBuildConfiguration section */
		1FBCE112192106820065E3BB /* Debug */ = {
			isa = XCBuildConfiguration;
			buildSettings = {
				ALWAYS_SEARCH_USER_PATHS = NO;
				CLANG_CXX_LANGUAGE_STANDARD = "gnu++0x";
				CLANG_CXX_LIBRARY = "libc++";
				CLANG_ENABLE_MODULES = YES;
				CLANG_ENABLE_OBJC_ARC = YES;
				CLANG_WARN_BOOL_CONVERSION = YES;
				CLANG_WARN_CONSTANT_CONVERSION = YES;
				CLANG_WARN_DIRECT_OBJC_ISA_USAGE = YES_ERROR;
				CLANG_WARN_EMPTY_BODY = YES;
				CLANG_WARN_ENUM_CONVERSION = YES;
				CLANG_WARN_INT_CONVERSION = YES;
				CLANG_WARN_OBJC_ROOT_CLASS = YES_ERROR;
				CLANG_WARN__DUPLICATE_METHOD_MATCH = YES;
				"CODE_SIGN_IDENTITY[sdk=iphoneos*]" = "iPhone Developer";
				COPY_PHASE_STRIP = NO;
				GCC_C_LANGUAGE_STANDARD = gnu99;
				GCC_DYNAMIC_NO_PIC = NO;
				GCC_OPTIMIZATION_LEVEL = 0;
				GCC_PREPROCESSOR_DEFINITIONS = (
					"DEBUG=1",
					"$(inherited)",
				);
				GCC_SYMBOLS_PRIVATE_EXTERN = NO;
				GCC_WARN_64_TO_32_BIT_CONVERSION = YES;
				GCC_WARN_ABOUT_RETURN_TYPE = YES_ERROR;
				GCC_WARN_UNDECLARED_SELECTOR = YES;
				GCC_WARN_UNINITIALIZED_AUTOS = YES_AGGRESSIVE;
				GCC_WARN_UNUSED_FUNCTION = YES;
				GCC_WARN_UNUSED_VARIABLE = YES;
				IPHONEOS_DEPLOYMENT_TARGET = 7.1;
				ONLY_ACTIVE_ARCH = YES;
				SDKROOT = iphoneos;
			};
			name = Debug;
		};
		1FBCE113192106820065E3BB /* Release */ = {
			isa = XCBuildConfiguration;
			buildSettings = {
				ALWAYS_SEARCH_USER_PATHS = NO;
				CLANG_CXX_LANGUAGE_STANDARD = "gnu++0x";
				CLANG_CXX_LIBRARY = "libc++";
				CLANG_ENABLE_MODULES = YES;
				CLANG_ENABLE_OBJC_ARC = YES;
				CLANG_WARN_BOOL_CONVERSION = YES;
				CLANG_WARN_CONSTANT_CONVERSION = YES;
				CLANG_WARN_DIRECT_OBJC_ISA_USAGE = YES_ERROR;
				CLANG_WARN_EMPTY_BODY = YES;
				CLANG_WARN_ENUM_CONVERSION = YES;
				CLANG_WARN_INT_CONVERSION = YES;
				CLANG_WARN_OBJC_ROOT_CLASS = YES_ERROR;
				CLANG_WARN__DUPLICATE_METHOD_MATCH = YES;
				"CODE_SIGN_IDENTITY[sdk=iphoneos*]" = "iPhone Developer";
				COPY_PHASE_STRIP = YES;
				ENABLE_NS_ASSERTIONS = NO;
				GCC_C_LANGUAGE_STANDARD = gnu99;
				GCC_WARN_64_TO_32_BIT_CONVERSION = YES;
				GCC_WARN_ABOUT_RETURN_TYPE = YES_ERROR;
				GCC_WARN_UNDECLARED_SELECTOR = YES;
				GCC_WARN_UNINITIALIZED_AUTOS = YES_AGGRESSIVE;
				GCC_WARN_UNUSED_FUNCTION = YES;
				GCC_WARN_UNUSED_VARIABLE = YES;
				IPHONEOS_DEPLOYMENT_TARGET = 7.1;
				SDKROOT = iphoneos;
				VALIDATE_PRODUCT = YES;
			};
			name = Release;
		};
		1FBCE115192106820065E3BB /* Debug */ = {
			isa = XCBuildConfiguration;
			buildSettings = {
				ASSETCATALOG_COMPILER_APPICON_NAME = AppIcon;
				ASSETCATALOG_COMPILER_LAUNCHIMAGE_NAME = LaunchImage;
				GCC_PRECOMPILE_PREFIX_HEADER = YES;
				GCC_PREFIX_HEADER = "BeginningAgain/BeginningAgain-Prefix.pch";
				INFOPLIST_FILE = "BeginningAgain/BeginningAgain-Info.plist";
				PRODUCT_NAME = "$(TARGET_NAME)";
				WRAPPER_EXTENSION = app;
			};
			name = Debug;
		};
		1FBCE116192106820065E3BB /* Release */ = {
			isa = XCBuildConfiguration;
			buildSettings = {
				ASSETCATALOG_COMPILER_APPICON_NAME = AppIcon;
				ASSETCATALOG_COMPILER_LAUNCHIMAGE_NAME = LaunchImage;
				GCC_PRECOMPILE_PREFIX_HEADER = YES;
				GCC_PREFIX_HEADER = "BeginningAgain/BeginningAgain-Prefix.pch";
				INFOPLIST_FILE = "BeginningAgain/BeginningAgain-Info.plist";
				PRODUCT_NAME = "$(TARGET_NAME)";
				WRAPPER_EXTENSION = app;
			};
			name = Release;
		};
		1FBCE118192106820065E3BB /* Debug */ = {
			isa = XCBuildConfiguration;
			buildSettings = {
				BUNDLE_LOADER = "$(BUILT_PRODUCTS_DIR)/BeginningAgain.app/BeginningAgain";
				FRAMEWORK_SEARCH_PATHS = (
					"$(SDKROOT)/Developer/Library/Frameworks",
					"$(inherited)",
					"$(DEVELOPER_FRAMEWORKS_DIR)",
				);
				GCC_PRECOMPILE_PREFIX_HEADER = YES;
				GCC_PREFIX_HEADER = "BeginningAgain/BeginningAgain-Prefix.pch";
				GCC_PREPROCESSOR_DEFINITIONS = (
					"DEBUG=1",
					"$(inherited)",
				);
				INFOPLIST_FILE = "BeginningAgainTests/BeginningAgainTests-Info.plist";
				PRODUCT_NAME = "$(TARGET_NAME)";
				TEST_HOST = "$(BUNDLE_LOADER)";
				WRAPPER_EXTENSION = xctest;
			};
			name = Debug;
		};
		1FBCE119192106820065E3BB /* Release */ = {
			isa = XCBuildConfiguration;
			buildSettings = {
				BUNDLE_LOADER = "$(BUILT_PRODUCTS_DIR)/BeginningAgain.app/BeginningAgain";
				FRAMEWORK_SEARCH_PATHS = (
					"$(SDKROOT)/Developer/Library/Frameworks",
					"$(inherited)",
					"$(DEVELOPER_FRAMEWORKS_DIR)",
				);
				GCC_PRECOMPILE_PREFIX_HEADER = YES;
				GCC_PREFIX_HEADER = "BeginningAgain/BeginningAgain-Prefix.pch";
				INFOPLIST_FILE = "BeginningAgainTests/BeginningAgainTests-Info.plist";
				PRODUCT_NAME = "$(TARGET_NAME)";
				TEST_HOST = "$(BUNDLE_LOADER)";
				WRAPPER_EXTENSION = xctest;
			};
			name = Release;
		};
/* End XCBuildConfiguration section */

/* Begin XCConfigurationList section */
		1FBCE0E3192106820065E3BB /* Build configuration list for PBXProject "BeginningAgain" */ = {
			isa = XCConfigurationList;
			buildConfigurations = (
				1FBCE112192106820065E3BB /* Debug */,
				1FBCE113192106820065E3BB /* Release */,
			);
			defaultConfigurationIsVisible = 0;
			defaultConfigurationName = Release;
		};
		1FBCE114192106820065E3BB /* Build configuration list for PBXNativeTarget "BeginningAgain" */ = {
			isa = XCConfigurationList;
			buildConfigurations = (
				1FBCE115192106820065E3BB /* Debug */,
				1FBCE116192106820065E3BB /* Release */,
			);
			defaultConfigurationIsVisible = 0;
		};
		1FBCE117192106820065E3BB /* Build configuration list for PBXNativeTarget "BeginningAgainTests" */ = {
			isa = XCConfigurationList;
			buildConfigurations = (
				1FBCE118192106820065E3BB /* Debug */,
				1FBCE119192106820065E3BB /* Release */,
			);
			defaultConfigurationIsVisible = 0;
		};
/* End XCConfigurationList section */
	};
	rootObject = 1FBCE0E0192106820065E3BB /* Project object */;
}
